// !$*UTF8*$!
{
	archiveVersion = 1;
	classes = {
	};
	objectVersion = 48;
	objects = {

/* Begin PBXBuildFile section */
		74883D48221F635D00513203 /* LineStatusView.xib in Resources */ = {isa = PBXBuildFile; fileRef = 74883D47221F635D00513203 /* LineStatusView.xib */; };
		749383BA2220336E004CC0EF /* NetworkService.swift in Sources */ = {isa = PBXBuildFile; fileRef = 749383B92220336E004CC0EF /* NetworkService.swift */; };
		749383BB222033DA004CC0EF /* NetworkService.swift in Sources */ = {isa = PBXBuildFile; fileRef = 749383B92220336E004CC0EF /* NetworkService.swift */; };
		749383BE22204610004CC0EF /* Localizable.strings in Resources */ = {isa = PBXBuildFile; fileRef = 749383C022204610004CC0EF /* Localizable.strings */; };
		749383C3222049D9004CC0EF /* String+Extensions.swift in Sources */ = {isa = PBXBuildFile; fileRef = 749383C2222049D9004CC0EF /* String+Extensions.swift */; };
		749383C522204B82004CC0EF /* LocalizedStrings.swift in Sources */ = {isa = PBXBuildFile; fileRef = 749383C422204B82004CC0EF /* LocalizedStrings.swift */; };
		883CCDF020C2FC18008A2DA1 /* Line.swift in Sources */ = {isa = PBXBuildFile; fileRef = 883CCDEF20C2FC18008A2DA1 /* Line.swift */; };
		883CCDF220C2FE21008A2DA1 /* LinesState.swift in Sources */ = {isa = PBXBuildFile; fileRef = 883CCDF120C2FE21008A2DA1 /* LinesState.swift */; };
		883CCDF420C35679008A2DA1 /* LineInfoViewController.swift in Sources */ = {isa = PBXBuildFile; fileRef = 883CCDF320C35679008A2DA1 /* LineInfoViewController.swift */; };
		8871354020CAB70B0068865B /* NotificationCenter.framework in Frameworks */ = {isa = PBXBuildFile; fileRef = 8871353F20CAB70B0068865B /* NotificationCenter.framework */; };
		8871354320CAB70B0068865B /* TodayViewController.swift in Sources */ = {isa = PBXBuildFile; fileRef = 8871354220CAB70B0068865B /* TodayViewController.swift */; };
		8871354620CAB70B0068865B /* MainInterface.storyboard in Resources */ = {isa = PBXBuildFile; fileRef = 8871354420CAB70B0068865B /* MainInterface.storyboard */; };
		8871354A20CAB70B0068865B /* TubeAppTodayExtension.appex in Embed App Extensions */ = {isa = PBXBuildFile; fileRef = 8871353D20CAB70B0068865B /* TubeAppTodayExtension.appex */; settings = {ATTRIBUTES = (RemoveHeadersOnCopy, ); }; };
		8871355020CABAA50068865B /* Line.swift in Sources */ = {isa = PBXBuildFile; fileRef = 883CCDEF20C2FC18008A2DA1 /* Line.swift */; };
		887618E220CC3C020044018E /* LineStatusFetcher.swift in Sources */ = {isa = PBXBuildFile; fileRef = 88C20CD6209FB31B007D5CF4 /* LineStatusFetcher.swift */; };
		88A4339120A0ABD600EE9B59 /* TubeLineColors.swift in Sources */ = {isa = PBXBuildFile; fileRef = 88A4339020A0ABD600EE9B59 /* TubeLineColors.swift */; };
		88C20CA5209FAC04007D5CF4 /* AppDelegate.swift in Sources */ = {isa = PBXBuildFile; fileRef = 88C20CA4209FAC04007D5CF4 /* AppDelegate.swift */; };
		88C20CA7209FAC04007D5CF4 /* LineStatusViewController.swift in Sources */ = {isa = PBXBuildFile; fileRef = 88C20CA6209FAC04007D5CF4 /* LineStatusViewController.swift */; };
		88C20CAE209FAC04007D5CF4 /* Assets.xcassets in Resources */ = {isa = PBXBuildFile; fileRef = 88C20CAD209FAC04007D5CF4 /* Assets.xcassets */; };
		88C20CB1209FAC04007D5CF4 /* LaunchScreen.storyboard in Resources */ = {isa = PBXBuildFile; fileRef = 88C20CAF209FAC04007D5CF4 /* LaunchScreen.storyboard */; };
		88C20CBC209FAC04007D5CF4 /* TubeAppTests.swift in Sources */ = {isa = PBXBuildFile; fileRef = 88C20CBB209FAC04007D5CF4 /* TubeAppTests.swift */; };
		88C20CC7209FAC04007D5CF4 /* TubeAppUITests.swift in Sources */ = {isa = PBXBuildFile; fileRef = 88C20CC6209FAC04007D5CF4 /* TubeAppUITests.swift */; };
		88C20CD7209FB31B007D5CF4 /* LineStatusFetcher.swift in Sources */ = {isa = PBXBuildFile; fileRef = 88C20CD6209FB31B007D5CF4 /* LineStatusFetcher.swift */; };
		88C20CD9209FCA0A007D5CF4 /* LineStatusCollectionViewCell.xib in Resources */ = {isa = PBXBuildFile; fileRef = 88C20CD8209FCA0A007D5CF4 /* LineStatusCollectionViewCell.xib */; };
		88C20CDB209FCAFA007D5CF4 /* LineStatusCollectionViewCell.swift in Sources */ = {isa = PBXBuildFile; fileRef = 88C20CDA209FCAFA007D5CF4 /* LineStatusCollectionViewCell.swift */; };
		88F0CE9420C48FD0007B0955 /* LineInfoView.xib in Resources */ = {isa = PBXBuildFile; fileRef = 88F0CE9320C48FD0007B0955 /* LineInfoView.xib */; };
/* End PBXBuildFile section */

/* Begin PBXContainerItemProxy section */
		8871354820CAB70B0068865B /* PBXContainerItemProxy */ = {
			isa = PBXContainerItemProxy;
			containerPortal = 88C20C99209FAC04007D5CF4 /* Project object */;
			proxyType = 1;
			remoteGlobalIDString = 8871353C20CAB70B0068865B;
			remoteInfo = TubeAppTodayExtension;
		};
		88C20CB8209FAC04007D5CF4 /* PBXContainerItemProxy */ = {
			isa = PBXContainerItemProxy;
			containerPortal = 88C20C99209FAC04007D5CF4 /* Project object */;
			proxyType = 1;
			remoteGlobalIDString = 88C20CA0209FAC04007D5CF4;
			remoteInfo = TubeApp;
		};
		88C20CC3209FAC04007D5CF4 /* PBXContainerItemProxy */ = {
			isa = PBXContainerItemProxy;
			containerPortal = 88C20C99209FAC04007D5CF4 /* Project object */;
			proxyType = 1;
			remoteGlobalIDString = 88C20CA0209FAC04007D5CF4;
			remoteInfo = TubeApp;
		};
/* End PBXContainerItemProxy section */

/* Begin PBXCopyFilesBuildPhase section */
		8871354E20CAB70B0068865B /* Embed App Extensions */ = {
			isa = PBXCopyFilesBuildPhase;
			buildActionMask = 2147483647;
			dstPath = "";
			dstSubfolderSpec = 13;
			files = (
				8871354A20CAB70B0068865B /* TubeAppTodayExtension.appex in Embed App Extensions */,
			);
			name = "Embed App Extensions";
			runOnlyForDeploymentPostprocessing = 0;
		};
/* End PBXCopyFilesBuildPhase section */

/* Begin PBXFileReference section */
		74883D47221F635D00513203 /* LineStatusView.xib */ = {isa = PBXFileReference; lastKnownFileType = file.xib; path = LineStatusView.xib; sourceTree = "<group>"; };
		749383B92220336E004CC0EF /* NetworkService.swift */ = {isa = PBXFileReference; lastKnownFileType = sourcecode.swift; path = NetworkService.swift; sourceTree = "<group>"; };
		749383BF22204610004CC0EF /* en */ = {isa = PBXFileReference; lastKnownFileType = text.plist.strings; name = en; path = en.lproj/Localizable.strings; sourceTree = "<group>"; };
		749383C2222049D9004CC0EF /* String+Extensions.swift */ = {isa = PBXFileReference; lastKnownFileType = sourcecode.swift; path = "String+Extensions.swift"; sourceTree = "<group>"; };
		749383C422204B82004CC0EF /* LocalizedStrings.swift */ = {isa = PBXFileReference; lastKnownFileType = sourcecode.swift; path = LocalizedStrings.swift; sourceTree = "<group>"; };
		883CCDEF20C2FC18008A2DA1 /* Line.swift */ = {isa = PBXFileReference; lastKnownFileType = sourcecode.swift; path = Line.swift; sourceTree = "<group>"; };
		883CCDF120C2FE21008A2DA1 /* LinesState.swift */ = {isa = PBXFileReference; lastKnownFileType = sourcecode.swift; path = LinesState.swift; sourceTree = "<group>"; };
		883CCDF320C35679008A2DA1 /* LineInfoViewController.swift */ = {isa = PBXFileReference; lastKnownFileType = sourcecode.swift; path = LineInfoViewController.swift; sourceTree = "<group>"; };
		8871353D20CAB70B0068865B /* TubeAppTodayExtension.appex */ = {isa = PBXFileReference; explicitFileType = "wrapper.app-extension"; includeInIndex = 0; path = TubeAppTodayExtension.appex; sourceTree = BUILT_PRODUCTS_DIR; };
		8871353F20CAB70B0068865B /* NotificationCenter.framework */ = {isa = PBXFileReference; lastKnownFileType = wrapper.framework; name = NotificationCenter.framework; path = System/Library/Frameworks/NotificationCenter.framework; sourceTree = SDKROOT; };
		8871354220CAB70B0068865B /* TodayViewController.swift */ = {isa = PBXFileReference; lastKnownFileType = sourcecode.swift; path = TodayViewController.swift; sourceTree = "<group>"; };
		8871354520CAB70B0068865B /* Base */ = {isa = PBXFileReference; lastKnownFileType = file.storyboard; name = Base; path = Base.lproj/MainInterface.storyboard; sourceTree = "<group>"; };
		8871354720CAB70B0068865B /* Info.plist */ = {isa = PBXFileReference; lastKnownFileType = text.plist.xml; path = Info.plist; sourceTree = "<group>"; };
		88A4339020A0ABD600EE9B59 /* TubeLineColors.swift */ = {isa = PBXFileReference; lastKnownFileType = sourcecode.swift; path = TubeLineColors.swift; sourceTree = "<group>"; };
		88C20CA1209FAC04007D5CF4 /* TubeApp.app */ = {isa = PBXFileReference; explicitFileType = wrapper.application; includeInIndex = 0; path = TubeApp.app; sourceTree = BUILT_PRODUCTS_DIR; };
		88C20CA4209FAC04007D5CF4 /* AppDelegate.swift */ = {isa = PBXFileReference; lastKnownFileType = sourcecode.swift; path = AppDelegate.swift; sourceTree = "<group>"; };
		88C20CA6209FAC04007D5CF4 /* LineStatusViewController.swift */ = {isa = PBXFileReference; lastKnownFileType = sourcecode.swift; path = LineStatusViewController.swift; sourceTree = "<group>"; };
		88C20CAD209FAC04007D5CF4 /* Assets.xcassets */ = {isa = PBXFileReference; lastKnownFileType = folder.assetcatalog; path = Assets.xcassets; sourceTree = "<group>"; };
		88C20CB0209FAC04007D5CF4 /* Base */ = {isa = PBXFileReference; lastKnownFileType = file.storyboard; name = Base; path = Base.lproj/LaunchScreen.storyboard; sourceTree = "<group>"; };
		88C20CB2209FAC04007D5CF4 /* Info.plist */ = {isa = PBXFileReference; lastKnownFileType = text.plist.xml; path = Info.plist; sourceTree = "<group>"; };
		88C20CB7209FAC04007D5CF4 /* TubeAppTests.xctest */ = {isa = PBXFileReference; explicitFileType = wrapper.cfbundle; includeInIndex = 0; path = TubeAppTests.xctest; sourceTree = BUILT_PRODUCTS_DIR; };
		88C20CBB209FAC04007D5CF4 /* TubeAppTests.swift */ = {isa = PBXFileReference; lastKnownFileType = sourcecode.swift; path = TubeAppTests.swift; sourceTree = "<group>"; };
		88C20CBD209FAC04007D5CF4 /* Info.plist */ = {isa = PBXFileReference; lastKnownFileType = text.plist.xml; path = Info.plist; sourceTree = "<group>"; };
		88C20CC2209FAC04007D5CF4 /* TubeAppUITests.xctest */ = {isa = PBXFileReference; explicitFileType = wrapper.cfbundle; includeInIndex = 0; path = TubeAppUITests.xctest; sourceTree = BUILT_PRODUCTS_DIR; };
		88C20CC6209FAC04007D5CF4 /* TubeAppUITests.swift */ = {isa = PBXFileReference; lastKnownFileType = sourcecode.swift; path = TubeAppUITests.swift; sourceTree = "<group>"; };
		88C20CC8209FAC04007D5CF4 /* Info.plist */ = {isa = PBXFileReference; lastKnownFileType = text.plist.xml; path = Info.plist; sourceTree = "<group>"; };
		88C20CD6209FB31B007D5CF4 /* LineStatusFetcher.swift */ = {isa = PBXFileReference; lastKnownFileType = sourcecode.swift; path = LineStatusFetcher.swift; sourceTree = "<group>"; };
		88C20CD8209FCA0A007D5CF4 /* LineStatusCollectionViewCell.xib */ = {isa = PBXFileReference; lastKnownFileType = file.xib; path = LineStatusCollectionViewCell.xib; sourceTree = "<group>"; };
		88C20CDA209FCAFA007D5CF4 /* LineStatusCollectionViewCell.swift */ = {isa = PBXFileReference; lastKnownFileType = sourcecode.swift; path = LineStatusCollectionViewCell.swift; sourceTree = "<group>"; };
		88F0CE9320C48FD0007B0955 /* LineInfoView.xib */ = {isa = PBXFileReference; lastKnownFileType = file.xib; path = LineInfoView.xib; sourceTree = "<group>"; };
/* End PBXFileReference section */

/* Begin PBXFrameworksBuildPhase section */
		8871353A20CAB70B0068865B /* Frameworks */ = {
			isa = PBXFrameworksBuildPhase;
			buildActionMask = 2147483647;
			files = (
				8871354020CAB70B0068865B /* NotificationCenter.framework in Frameworks */,
			);
			runOnlyForDeploymentPostprocessing = 0;
		};
		88C20C9E209FAC04007D5CF4 /* Frameworks */ = {
			isa = PBXFrameworksBuildPhase;
			buildActionMask = 2147483647;
			files = (
			);
			runOnlyForDeploymentPostprocessing = 0;
		};
		88C20CB4209FAC04007D5CF4 /* Frameworks */ = {
			isa = PBXFrameworksBuildPhase;
			buildActionMask = 2147483647;
			files = (
			);
			runOnlyForDeploymentPostprocessing = 0;
		};
		88C20CBF209FAC04007D5CF4 /* Frameworks */ = {
			isa = PBXFrameworksBuildPhase;
			buildActionMask = 2147483647;
			files = (
			);
			runOnlyForDeploymentPostprocessing = 0;
		};
/* End PBXFrameworksBuildPhase section */

/* Begin PBXGroup section */
		749383C122204740004CC0EF /* Networking */ = {
			isa = PBXGroup;
			children = (
				749383B92220336E004CC0EF /* NetworkService.swift */,
				88C20CD6209FB31B007D5CF4 /* LineStatusFetcher.swift */,
			);
			path = Networking;
			sourceTree = "<group>";
		};
		749383C622204C51004CC0EF /* Supporting */ = {
			isa = PBXGroup;
			children = (
				88C20CAD209FAC04007D5CF4 /* Assets.xcassets */,
				88C20CAF209FAC04007D5CF4 /* LaunchScreen.storyboard */,
				88C20CB2209FAC04007D5CF4 /* Info.plist */,
				749383C022204610004CC0EF /* Localizable.strings */,
			);
			path = Supporting;
			sourceTree = "<group>";
		};
		8871353E20CAB70B0068865B /* Frameworks */ = {
			isa = PBXGroup;
			children = (
				8871353F20CAB70B0068865B /* NotificationCenter.framework */,
			);
			name = Frameworks;
			sourceTree = "<group>";
		};
		8871354120CAB70B0068865B /* TubeAppTodayExtension */ = {
			isa = PBXGroup;
			children = (
				8871354220CAB70B0068865B /* TodayViewController.swift */,
				8871354420CAB70B0068865B /* MainInterface.storyboard */,
				8871354720CAB70B0068865B /* Info.plist */,
			);
			path = TubeAppTodayExtension;
			sourceTree = "<group>";
		};
		887618DF20CC3A850044018E /* Status Views */ = {
			isa = PBXGroup;
			children = (
				88C20CA6209FAC04007D5CF4 /* LineStatusViewController.swift */,
				74883D47221F635D00513203 /* LineStatusView.xib */,
				88C20CDA209FCAFA007D5CF4 /* LineStatusCollectionViewCell.swift */,
				88C20CD8209FCA0A007D5CF4 /* LineStatusCollectionViewCell.xib */,
				883CCDF320C35679008A2DA1 /* LineInfoViewController.swift */,
				88F0CE9320C48FD0007B0955 /* LineInfoView.xib */,
			);
			path = "Status Views";
			sourceTree = "<group>";
		};
		88C20C98209FAC04007D5CF4 = {
			isa = PBXGroup;
			children = (
				88C20CA3209FAC04007D5CF4 /* TubeApp */,
				88C20CBA209FAC04007D5CF4 /* TubeAppTests */,
				88C20CC5209FAC04007D5CF4 /* TubeAppUITests */,
				8871354120CAB70B0068865B /* TubeAppTodayExtension */,
				8871353E20CAB70B0068865B /* Frameworks */,
				88C20CA2209FAC04007D5CF4 /* Products */,
			);
			sourceTree = "<group>";
		};
		88C20CA2209FAC04007D5CF4 /* Products */ = {
			isa = PBXGroup;
			children = (
				88C20CA1209FAC04007D5CF4 /* TubeApp.app */,
				88C20CB7209FAC04007D5CF4 /* TubeAppTests.xctest */,
				88C20CC2209FAC04007D5CF4 /* TubeAppUITests.xctest */,
				8871353D20CAB70B0068865B /* TubeAppTodayExtension.appex */,
			);
			name = Products;
			sourceTree = "<group>";
		};
		88C20CA3209FAC04007D5CF4 /* TubeApp */ = {
			isa = PBXGroup;
			children = (
				749383C622204C51004CC0EF /* Supporting */,
				749383C122204740004CC0EF /* Networking */,
				887618DF20CC3A850044018E /* Status Views */,
				88C20CA4209FAC04007D5CF4 /* AppDelegate.swift */,
				883CCDEF20C2FC18008A2DA1 /* Line.swift */,
				883CCDF120C2FE21008A2DA1 /* LinesState.swift */,
				88A4339020A0ABD600EE9B59 /* TubeLineColors.swift */,
				749383C2222049D9004CC0EF /* String+Extensions.swift */,
				749383C422204B82004CC0EF /* LocalizedStrings.swift */,
			);
			path = TubeApp;
			sourceTree = "<group>";
		};
		88C20CBA209FAC04007D5CF4 /* TubeAppTests */ = {
			isa = PBXGroup;
			children = (
				88C20CBB209FAC04007D5CF4 /* TubeAppTests.swift */,
				88C20CBD209FAC04007D5CF4 /* Info.plist */,
			);
			path = TubeAppTests;
			sourceTree = "<group>";
		};
		88C20CC5209FAC04007D5CF4 /* TubeAppUITests */ = {
			isa = PBXGroup;
			children = (
				88C20CC6209FAC04007D5CF4 /* TubeAppUITests.swift */,
				88C20CC8209FAC04007D5CF4 /* Info.plist */,
			);
			path = TubeAppUITests;
			sourceTree = "<group>";
		};
/* End PBXGroup section */

/* Begin PBXNativeTarget section */
		8871353C20CAB70B0068865B /* TubeAppTodayExtension */ = {
			isa = PBXNativeTarget;
			buildConfigurationList = 8871354D20CAB70B0068865B /* Build configuration list for PBXNativeTarget "TubeAppTodayExtension" */;
			buildPhases = (
				8871353920CAB70B0068865B /* Sources */,
				8871353A20CAB70B0068865B /* Frameworks */,
				8871353B20CAB70B0068865B /* Resources */,
			);
			buildRules = (
			);
			dependencies = (
			);
			name = TubeAppTodayExtension;
			productName = TubeAppTodayExtension;
			productReference = 8871353D20CAB70B0068865B /* TubeAppTodayExtension.appex */;
			productType = "com.apple.product-type.app-extension";
		};
		88C20CA0209FAC04007D5CF4 /* TubeApp */ = {
			isa = PBXNativeTarget;
			buildConfigurationList = 88C20CCB209FAC04007D5CF4 /* Build configuration list for PBXNativeTarget "TubeApp" */;
			buildPhases = (
				88C20C9D209FAC04007D5CF4 /* Sources */,
				88C20C9E209FAC04007D5CF4 /* Frameworks */,
				88C20C9F209FAC04007D5CF4 /* Resources */,
				8871354E20CAB70B0068865B /* Embed App Extensions */,
			);
			buildRules = (
			);
			dependencies = (
				8871354920CAB70B0068865B /* PBXTargetDependency */,
			);
			name = TubeApp;
			productName = TubeApp;
			productReference = 88C20CA1209FAC04007D5CF4 /* TubeApp.app */;
			productType = "com.apple.product-type.application";
		};
		88C20CB6209FAC04007D5CF4 /* TubeAppTests */ = {
			isa = PBXNativeTarget;
			buildConfigurationList = 88C20CCE209FAC04007D5CF4 /* Build configuration list for PBXNativeTarget "TubeAppTests" */;
			buildPhases = (
				88C20CB3209FAC04007D5CF4 /* Sources */,
				88C20CB4209FAC04007D5CF4 /* Frameworks */,
				88C20CB5209FAC04007D5CF4 /* Resources */,
			);
			buildRules = (
			);
			dependencies = (
				88C20CB9209FAC04007D5CF4 /* PBXTargetDependency */,
			);
			name = TubeAppTests;
			productName = TubeAppTests;
			productReference = 88C20CB7209FAC04007D5CF4 /* TubeAppTests.xctest */;
			productType = "com.apple.product-type.bundle.unit-test";
		};
		88C20CC1209FAC04007D5CF4 /* TubeAppUITests */ = {
			isa = PBXNativeTarget;
			buildConfigurationList = 88C20CD1209FAC04007D5CF4 /* Build configuration list for PBXNativeTarget "TubeAppUITests" */;
			buildPhases = (
				88C20CBE209FAC04007D5CF4 /* Sources */,
				88C20CBF209FAC04007D5CF4 /* Frameworks */,
				88C20CC0209FAC04007D5CF4 /* Resources */,
			);
			buildRules = (
			);
			dependencies = (
				88C20CC4209FAC04007D5CF4 /* PBXTargetDependency */,
			);
			name = TubeAppUITests;
			productName = TubeAppUITests;
			productReference = 88C20CC2209FAC04007D5CF4 /* TubeAppUITests.xctest */;
			productType = "com.apple.product-type.bundle.ui-testing";
		};
/* End PBXNativeTarget section */

/* Begin PBXProject section */
		88C20C99209FAC04007D5CF4 /* Project object */ = {
			isa = PBXProject;
			attributes = {
				LastSwiftUpdateCheck = 0940;
				LastUpgradeCheck = 0920;
				ORGANIZATIONNAME = knoxx;
				TargetAttributes = {
					8871353C20CAB70B0068865B = {
						CreatedOnToolsVersion = 9.4;
						ProvisioningStyle = Automatic;
					};
					88C20CA0209FAC04007D5CF4 = {
						CreatedOnToolsVersion = 9.2;
						ProvisioningStyle = Manual;
					};
					88C20CB6209FAC04007D5CF4 = {
						CreatedOnToolsVersion = 9.2;
						ProvisioningStyle = Automatic;
						TestTargetID = 88C20CA0209FAC04007D5CF4;
					};
					88C20CC1209FAC04007D5CF4 = {
						CreatedOnToolsVersion = 9.2;
						ProvisioningStyle = Automatic;
						TestTargetID = 88C20CA0209FAC04007D5CF4;
					};
				};
			};
			buildConfigurationList = 88C20C9C209FAC04007D5CF4 /* Build configuration list for PBXProject "TubeApp" */;
			compatibilityVersion = "Xcode 8.0";
			developmentRegion = en;
			hasScannedForEncodings = 0;
			knownRegions = (
				en,
				Base,
			);
			mainGroup = 88C20C98209FAC04007D5CF4;
			productRefGroup = 88C20CA2209FAC04007D5CF4 /* Products */;
			projectDirPath = "";
			projectRoot = "";
			targets = (
				88C20CA0209FAC04007D5CF4 /* TubeApp */,
				88C20CB6209FAC04007D5CF4 /* TubeAppTests */,
				88C20CC1209FAC04007D5CF4 /* TubeAppUITests */,
				8871353C20CAB70B0068865B /* TubeAppTodayExtension */,
			);
		};
/* End PBXProject section */

/* Begin PBXResourcesBuildPhase section */
		8871353B20CAB70B0068865B /* Resources */ = {
			isa = PBXResourcesBuildPhase;
			buildActionMask = 2147483647;
			files = (
				8871354620CAB70B0068865B /* MainInterface.storyboard in Resources */,
			);
			runOnlyForDeploymentPostprocessing = 0;
		};
		88C20C9F209FAC04007D5CF4 /* Resources */ = {
			isa = PBXResourcesBuildPhase;
			buildActionMask = 2147483647;
			files = (
				74883D48221F635D00513203 /* LineStatusView.xib in Resources */,
				749383BE22204610004CC0EF /* Localizable.strings in Resources */,
				88C20CD9209FCA0A007D5CF4 /* LineStatusCollectionViewCell.xib in Resources */,
				88F0CE9420C48FD0007B0955 /* LineInfoView.xib in Resources */,
				88C20CB1209FAC04007D5CF4 /* LaunchScreen.storyboard in Resources */,
				88C20CAE209FAC04007D5CF4 /* Assets.xcassets in Resources */,
			);
			runOnlyForDeploymentPostprocessing = 0;
		};
		88C20CB5209FAC04007D5CF4 /* Resources */ = {
			isa = PBXResourcesBuildPhase;
			buildActionMask = 2147483647;
			files = (
			);
			runOnlyForDeploymentPostprocessing = 0;
		};
		88C20CC0209FAC04007D5CF4 /* Resources */ = {
			isa = PBXResourcesBuildPhase;
			buildActionMask = 2147483647;
			files = (
			);
			runOnlyForDeploymentPostprocessing = 0;
		};
/* End PBXResourcesBuildPhase section */

/* Begin PBXSourcesBuildPhase section */
		8871353920CAB70B0068865B /* Sources */ = {
			isa = PBXSourcesBuildPhase;
			buildActionMask = 2147483647;
			files = (
				8871355020CABAA50068865B /* Line.swift in Sources */,
				8871354320CAB70B0068865B /* TodayViewController.swift in Sources */,
				749383BB222033DA004CC0EF /* NetworkService.swift in Sources */,
				887618E220CC3C020044018E /* LineStatusFetcher.swift in Sources */,
			);
			runOnlyForDeploymentPostprocessing = 0;
		};
		88C20C9D209FAC04007D5CF4 /* Sources */ = {
			isa = PBXSourcesBuildPhase;
			buildActionMask = 2147483647;
			files = (
				749383C3222049D9004CC0EF /* String+Extensions.swift in Sources */,
				88A4339120A0ABD600EE9B59 /* TubeLineColors.swift in Sources */,
				883CCDF220C2FE21008A2DA1 /* LinesState.swift in Sources */,
				88C20CD7209FB31B007D5CF4 /* LineStatusFetcher.swift in Sources */,
				88C20CA5209FAC04007D5CF4 /* AppDelegate.swift in Sources */,
				749383BA2220336E004CC0EF /* NetworkService.swift in Sources */,
				883CCDF420C35679008A2DA1 /* LineInfoViewController.swift in Sources */,
				88C20CA7209FAC04007D5CF4 /* LineStatusViewController.swift in Sources */,
				88C20CDB209FCAFA007D5CF4 /* LineStatusCollectionViewCell.swift in Sources */,
				749383C522204B82004CC0EF /* LocalizedStrings.swift in Sources */,
				883CCDF020C2FC18008A2DA1 /* Line.swift in Sources */,
			);
			runOnlyForDeploymentPostprocessing = 0;
		};
		88C20CB3209FAC04007D5CF4 /* Sources */ = {
			isa = PBXSourcesBuildPhase;
			buildActionMask = 2147483647;
			files = (
				88C20CBC209FAC04007D5CF4 /* TubeAppTests.swift in Sources */,
			);
			runOnlyForDeploymentPostprocessing = 0;
		};
		88C20CBE209FAC04007D5CF4 /* Sources */ = {
			isa = PBXSourcesBuildPhase;
			buildActionMask = 2147483647;
			files = (
				88C20CC7209FAC04007D5CF4 /* TubeAppUITests.swift in Sources */,
			);
			runOnlyForDeploymentPostprocessing = 0;
		};
/* End PBXSourcesBuildPhase section */

/* Begin PBXTargetDependency section */
		8871354920CAB70B0068865B /* PBXTargetDependency */ = {
			isa = PBXTargetDependency;
			target = 8871353C20CAB70B0068865B /* TubeAppTodayExtension */;
			targetProxy = 8871354820CAB70B0068865B /* PBXContainerItemProxy */;
		};
		88C20CB9209FAC04007D5CF4 /* PBXTargetDependency */ = {
			isa = PBXTargetDependency;
			target = 88C20CA0209FAC04007D5CF4 /* TubeApp */;
			targetProxy = 88C20CB8209FAC04007D5CF4 /* PBXContainerItemProxy */;
		};
		88C20CC4209FAC04007D5CF4 /* PBXTargetDependency */ = {
			isa = PBXTargetDependency;
			target = 88C20CA0209FAC04007D5CF4 /* TubeApp */;
			targetProxy = 88C20CC3209FAC04007D5CF4 /* PBXContainerItemProxy */;
		};
/* End PBXTargetDependency section */

/* Begin PBXVariantGroup section */
		749383C022204610004CC0EF /* Localizable.strings */ = {
			isa = PBXVariantGroup;
			children = (
				749383BF22204610004CC0EF /* en */,
			);
			name = Localizable.strings;
			sourceTree = "<group>";
		};
		8871354420CAB70B0068865B /* MainInterface.storyboard */ = {
			isa = PBXVariantGroup;
			children = (
				8871354520CAB70B0068865B /* Base */,
			);
			name = MainInterface.storyboard;
			sourceTree = "<group>";
		};
		88C20CAF209FAC04007D5CF4 /* LaunchScreen.storyboard */ = {
			isa = PBXVariantGroup;
			children = (
				88C20CB0209FAC04007D5CF4 /* Base */,
			);
			name = LaunchScreen.storyboard;
			sourceTree = "<group>";
		};
/* End PBXVariantGroup section */

/* Begin XCBuildConfiguration section */
		8871354B20CAB70B0068865B /* Debug */ = {
			isa = XCBuildConfiguration;
			buildSettings = {
				CLANG_ENABLE_OBJC_WEAK = YES;
				CLANG_WARN_DEPRECATED_OBJC_IMPLEMENTATIONS = YES;
				CLANG_WARN_OBJC_IMPLICIT_RETAIN_SELF = YES;
				CODE_SIGN_STYLE = Automatic;
				DEVELOPMENT_TEAM = B6C84G57E3;
				INFOPLIST_FILE = TubeAppTodayExtension/Info.plist;
				IPHONEOS_DEPLOYMENT_TARGET = 11.4;
				LD_RUNPATH_SEARCH_PATHS = "$(inherited) @executable_path/Frameworks @executable_path/../../Frameworks";
				PRODUCT_BUNDLE_IDENTIFIER = com.knoxx.TubeApp.TubeAppTodayExtension;
				PRODUCT_NAME = "$(TARGET_NAME)";
				SKIP_INSTALL = YES;
				SWIFT_VERSION = 4.0;
				TARGETED_DEVICE_FAMILY = "1,2";
			};
			name = Debug;
		};
		8871354C20CAB70B0068865B /* Release */ = {
			isa = XCBuildConfiguration;
			buildSettings = {
				CLANG_ENABLE_OBJC_WEAK = YES;
				CLANG_WARN_DEPRECATED_OBJC_IMPLEMENTATIONS = YES;
				CLANG_WARN_OBJC_IMPLICIT_RETAIN_SELF = YES;
				CODE_SIGN_STYLE = Automatic;
				DEVELOPMENT_TEAM = B6C84G57E3;
				INFOPLIST_FILE = TubeAppTodayExtension/Info.plist;
				IPHONEOS_DEPLOYMENT_TARGET = 11.4;
				LD_RUNPATH_SEARCH_PATHS = "$(inherited) @executable_path/Frameworks @executable_path/../../Frameworks";
				PRODUCT_BUNDLE_IDENTIFIER = com.knoxx.TubeApp.TubeAppTodayExtension;
				PRODUCT_NAME = "$(TARGET_NAME)";
				SKIP_INSTALL = YES;
				SWIFT_VERSION = 4.0;
				TARGETED_DEVICE_FAMILY = "1,2";
			};
			name = Release;
		};
		88C20CC9209FAC04007D5CF4 /* Debug */ = {
			isa = XCBuildConfiguration;
			buildSettings = {
				ALWAYS_SEARCH_USER_PATHS = NO;
				CLANG_ANALYZER_NONNULL = YES;
				CLANG_ANALYZER_NUMBER_OBJECT_CONVERSION = YES_AGGRESSIVE;
				CLANG_CXX_LANGUAGE_STANDARD = "gnu++14";
				CLANG_CXX_LIBRARY = "libc++";
				CLANG_ENABLE_MODULES = YES;
				CLANG_ENABLE_OBJC_ARC = YES;
				CLANG_WARN_BLOCK_CAPTURE_AUTORELEASING = YES;
				CLANG_WARN_BOOL_CONVERSION = YES;
				CLANG_WARN_COMMA = YES;
				CLANG_WARN_CONSTANT_CONVERSION = YES;
				CLANG_WARN_DIRECT_OBJC_ISA_USAGE = YES_ERROR;
				CLANG_WARN_DOCUMENTATION_COMMENTS = YES;
				CLANG_WARN_EMPTY_BODY = YES;
				CLANG_WARN_ENUM_CONVERSION = YES;
				CLANG_WARN_INFINITE_RECURSION = YES;
				CLANG_WARN_INT_CONVERSION = YES;
				CLANG_WARN_NON_LITERAL_NULL_CONVERSION = YES;
				CLANG_WARN_OBJC_LITERAL_CONVERSION = YES;
				CLANG_WARN_OBJC_ROOT_CLASS = YES_ERROR;
				CLANG_WARN_RANGE_LOOP_ANALYSIS = YES;
				CLANG_WARN_STRICT_PROTOTYPES = YES;
				CLANG_WARN_SUSPICIOUS_MOVE = YES;
				CLANG_WARN_UNGUARDED_AVAILABILITY = YES_AGGRESSIVE;
				CLANG_WARN_UNREACHABLE_CODE = YES;
				CLANG_WARN__DUPLICATE_METHOD_MATCH = YES;
				CODE_SIGN_IDENTITY = "iPhone Developer";
				COPY_PHASE_STRIP = NO;
				DEBUG_INFORMATION_FORMAT = dwarf;
				ENABLE_STRICT_OBJC_MSGSEND = YES;
				ENABLE_TESTABILITY = YES;
				GCC_C_LANGUAGE_STANDARD = gnu11;
				GCC_DYNAMIC_NO_PIC = NO;
				GCC_NO_COMMON_BLOCKS = YES;
				GCC_OPTIMIZATION_LEVEL = 0;
				GCC_PREPROCESSOR_DEFINITIONS = (
					"DEBUG=1",
					"$(inherited)",
				);
				GCC_WARN_64_TO_32_BIT_CONVERSION = YES;
				GCC_WARN_ABOUT_RETURN_TYPE = YES_ERROR;
				GCC_WARN_UNDECLARED_SELECTOR = YES;
				GCC_WARN_UNINITIALIZED_AUTOS = YES_AGGRESSIVE;
				GCC_WARN_UNUSED_FUNCTION = YES;
				GCC_WARN_UNUSED_VARIABLE = YES;
				IPHONEOS_DEPLOYMENT_TARGET = 11.2;
				MTL_ENABLE_DEBUG_INFO = YES;
				ONLY_ACTIVE_ARCH = YES;
				SDKROOT = iphoneos;
				SWIFT_ACTIVE_COMPILATION_CONDITIONS = DEBUG;
				SWIFT_OPTIMIZATION_LEVEL = "-Onone";
			};
			name = Debug;
		};
		88C20CCA209FAC04007D5CF4 /* Release */ = {
			isa = XCBuildConfiguration;
			buildSettings = {
				ALWAYS_SEARCH_USER_PATHS = NO;
				CLANG_ANALYZER_NONNULL = YES;
				CLANG_ANALYZER_NUMBER_OBJECT_CONVERSION = YES_AGGRESSIVE;
				CLANG_CXX_LANGUAGE_STANDARD = "gnu++14";
				CLANG_CXX_LIBRARY = "libc++";
				CLANG_ENABLE_MODULES = YES;
				CLANG_ENABLE_OBJC_ARC = YES;
				CLANG_WARN_BLOCK_CAPTURE_AUTORELEASING = YES;
				CLANG_WARN_BOOL_CONVERSION = YES;
				CLANG_WARN_COMMA = YES;
				CLANG_WARN_CONSTANT_CONVERSION = YES;
				CLANG_WARN_DIRECT_OBJC_ISA_USAGE = YES_ERROR;
				CLANG_WARN_DOCUMENTATION_COMMENTS = YES;
				CLANG_WARN_EMPTY_BODY = YES;
				CLANG_WARN_ENUM_CONVERSION = YES;
				CLANG_WARN_INFINITE_RECURSION = YES;
				CLANG_WARN_INT_CONVERSION = YES;
				CLANG_WARN_NON_LITERAL_NULL_CONVERSION = YES;
				CLANG_WARN_OBJC_LITERAL_CONVERSION = YES;
				CLANG_WARN_OBJC_ROOT_CLASS = YES_ERROR;
				CLANG_WARN_RANGE_LOOP_ANALYSIS = YES;
				CLANG_WARN_STRICT_PROTOTYPES = YES;
				CLANG_WARN_SUSPICIOUS_MOVE = YES;
				CLANG_WARN_UNGUARDED_AVAILABILITY = YES_AGGRESSIVE;
				CLANG_WARN_UNREACHABLE_CODE = YES;
				CLANG_WARN__DUPLICATE_METHOD_MATCH = YES;
				CODE_SIGN_IDENTITY = "iPhone Developer";
				COPY_PHASE_STRIP = NO;
				DEBUG_INFORMATION_FORMAT = "dwarf-with-dsym";
				ENABLE_NS_ASSERTIONS = NO;
				ENABLE_STRICT_OBJC_MSGSEND = YES;
				GCC_C_LANGUAGE_STANDARD = gnu11;
				GCC_NO_COMMON_BLOCKS = YES;
				GCC_WARN_64_TO_32_BIT_CONVERSION = YES;
				GCC_WARN_ABOUT_RETURN_TYPE = YES_ERROR;
				GCC_WARN_UNDECLARED_SELECTOR = YES;
				GCC_WARN_UNINITIALIZED_AUTOS = YES_AGGRESSIVE;
				GCC_WARN_UNUSED_FUNCTION = YES;
				GCC_WARN_UNUSED_VARIABLE = YES;
				IPHONEOS_DEPLOYMENT_TARGET = 11.2;
				MTL_ENABLE_DEBUG_INFO = NO;
				SDKROOT = iphoneos;
				SWIFT_OPTIMIZATION_LEVEL = "-Owholemodule";
				VALIDATE_PRODUCT = YES;
			};
			name = Release;
		};
		88C20CCC209FAC04007D5CF4 /* Debug */ = {
			isa = XCBuildConfiguration;
			buildSettings = {
				ALWAYS_EMBED_SWIFT_STANDARD_LIBRARIES = YES;
				ASSETCATALOG_COMPILER_APPICON_NAME = AppIcon;
				CODE_SIGN_STYLE = Manual;
				DEVELOPMENT_TEAM = DK34MVSU63;
				INFOPLIST_FILE = "$(SRCROOT)/TubeApp/Supporting/Info.plist";
				LD_RUNPATH_SEARCH_PATHS = "$(inherited) @executable_path/Frameworks";
				PRODUCT_BUNDLE_IDENTIFIER = com.knoxx.TubeApp;
				PRODUCT_NAME = "$(TARGET_NAME)";
				PROVISIONING_PROFILE_SPECIFIER = "* Development";
				SWIFT_VERSION = 4.0;
				TARGETED_DEVICE_FAMILY = 1;
			};
			name = Debug;
		};
		88C20CCD209FAC04007D5CF4 /* Release */ = {
			isa = XCBuildConfiguration;
			buildSettings = {
				ALWAYS_EMBED_SWIFT_STANDARD_LIBRARIES = YES;
				ASSETCATALOG_COMPILER_APPICON_NAME = AppIcon;
				CODE_SIGN_STYLE = Manual;
				DEVELOPMENT_TEAM = "";
				INFOPLIST_FILE = "$(SRCROOT)/TubeApp/Supporting/Info.plist";
				LD_RUNPATH_SEARCH_PATHS = "$(inherited) @executable_path/Frameworks";
				PRODUCT_BUNDLE_IDENTIFIER = com.knoxx.TubeApp;
				PRODUCT_NAME = "$(TARGET_NAME)";
				PROVISIONING_PROFILE_SPECIFIER = "";
				SWIFT_VERSION = 4.0;
				TARGETED_DEVICE_FAMILY = 1;
			};
			name = Release;
		};
		88C20CCF209FAC04007D5CF4 /* Debug */ = {
			isa = XCBuildConfiguration;
			buildSettings = {
				ALWAYS_EMBED_SWIFT_STANDARD_LIBRARIES = YES;
				BUNDLE_LOADER = "$(TEST_HOST)";
				CODE_SIGN_STYLE = Automatic;
				DEVELOPMENT_TEAM = B6C84G57E3;
				INFOPLIST_FILE = TubeAppTests/Info.plist;
				LD_RUNPATH_SEARCH_PATHS = "$(inherited) @executable_path/Frameworks @loader_path/Frameworks";
				PRODUCT_BUNDLE_IDENTIFIER = com.knoxx.TubeAppTests;
				PRODUCT_NAME = "$(TARGET_NAME)";
				SWIFT_VERSION = 4.0;
				TARGETED_DEVICE_FAMILY = "1,2";
				TEST_HOST = "$(BUILT_PRODUCTS_DIR)/TubeApp.app/TubeApp";
			};
			name = Debug;
		};
		88C20CD0209FAC04007D5CF4 /* Release */ = {
			isa = XCBuildConfiguration;
			buildSettings = {
				ALWAYS_EMBED_SWIFT_STANDARD_LIBRARIES = YES;
				BUNDLE_LOADER = "$(TEST_HOST)";
				CODE_SIGN_STYLE = Automatic;
				DEVELOPMENT_TEAM = B6C84G57E3;
				INFOPLIST_FILE = TubeAppTests/Info.plist;
				LD_RUNPATH_SEARCH_PATHS = "$(inherited) @executable_path/Frameworks @loader_path/Frameworks";
				PRODUCT_BUNDLE_IDENTIFIER = com.knoxx.TubeAppTests;
				PRODUCT_NAME = "$(TARGET_NAME)";
				SWIFT_VERSION = 4.0;
				TARGETED_DEVICE_FAMILY = "1,2";
				TEST_HOST = "$(BUILT_PRODUCTS_DIR)/TubeApp.app/TubeApp";
			};
			name = Release;
		};
		88C20CD2209FAC04007D5CF4 /* Debug */ = {
			isa = XCBuildConfiguration;
			buildSettings = {
				ALWAYS_EMBED_SWIFT_STANDARD_LIBRARIES = YES;
				CODE_SIGN_STYLE = Automatic;
				DEVELOPMENT_TEAM = B6C84G57E3;
				INFOPLIST_FILE = TubeAppUITests/Info.plist;
				LD_RUNPATH_SEARCH_PATHS = "$(inherited) @executable_path/Frameworks @loader_path/Frameworks";
				PRODUCT_BUNDLE_IDENTIFIER = com.knoxx.TubeAppUITests;
				PRODUCT_NAME = "$(TARGET_NAME)";
				SWIFT_VERSION = 4.0;
				TARGETED_DEVICE_FAMILY = "1,2";
				TEST_TARGET_NAME = TubeApp;
			};
			name = Debug;
		};
		88C20CD3209FAC04007D5CF4 /* Release */ = {
			isa = XCBuildConfiguration;
			buildSettings = {
				ALWAYS_EMBED_SWIFT_STANDARD_LIBRARIES = YES;
				CODE_SIGN_STYLE = Automatic;
				DEVELOPMENT_TEAM = B6C84G57E3;
				INFOPLIST_FILE = TubeAppUITests/Info.plist;
				LD_RUNPATH_SEARCH_PATHS = "$(inherited) @executable_path/Frameworks @loader_path/Frameworks";
				PRODUCT_BUNDLE_IDENTIFIER = com.knoxx.TubeAppUITests;
				PRODUCT_NAME = "$(TARGET_NAME)";
				SWIFT_VERSION = 4.0;
				TARGETED_DEVICE_FAMILY = "1,2";
				TEST_TARGET_NAME = TubeApp;
			};
			name = Release;
		};
/* End XCBuildConfiguration section */

/* Begin XCConfigurationList section */
		8871354D20CAB70B0068865B /* Build configuration list for PBXNativeTarget "TubeAppTodayExtension" */ = {
			isa = XCConfigurationList;
			buildConfigurations = (
				8871354B20CAB70B0068865B /* Debug */,
				8871354C20CAB70B0068865B /* Release */,
			);
			defaultConfigurationIsVisible = 0;
			defaultConfigurationName = Release;
		};
		88C20C9C209FAC04007D5CF4 /* Build configuration list for PBXProject "TubeApp" */ = {
			isa = XCConfigurationList;
			buildConfigurations = (
				88C20CC9209FAC04007D5CF4 /* Debug */,
				88C20CCA209FAC04007D5CF4 /* Release */,
			);
			defaultConfigurationIsVisible = 0;
			defaultConfigurationName = Release;
		};
		88C20CCB209FAC04007D5CF4 /* Build configuration list for PBXNativeTarget "TubeApp" */ = {
			isa = XCConfigurationList;
			buildConfigurations = (
				88C20CCC209FAC04007D5CF4 /* Debug */,
				88C20CCD209FAC04007D5CF4 /* Release */,
			);
			defaultConfigurationIsVisible = 0;
			defaultConfigurationName = Release;
		};
		88C20CCE209FAC04007D5CF4 /* Build configuration list for PBXNativeTarget "TubeAppTests" */ = {
			isa = XCConfigurationList;
			buildConfigurations = (
				88C20CCF209FAC04007D5CF4 /* Debug */,
				88C20CD0209FAC04007D5CF4 /* Release */,
			);
			defaultConfigurationIsVisible = 0;
			defaultConfigurationName = Release;
		};
		88C20CD1209FAC04007D5CF4 /* Build configuration list for PBXNativeTarget "TubeAppUITests" */ = {
			isa = XCConfigurationList;
			buildConfigurations = (
				88C20CD2209FAC04007D5CF4 /* Debug */,
				88C20CD3209FAC04007D5CF4 /* Release */,
			);
			defaultConfigurationIsVisible = 0;
			defaultConfigurationName = Release;
		};
/* End XCConfigurationList section */
	};
	rootObject = 88C20C99209FAC04007D5CF4 /* Project object */;
}
